
Microsoft Visual Studio Solution File, Format Version 12.00
# Visual Studio 15
VisualStudioVersion = 15.0.27130.2003
MinimumVisualStudioVersion = 10.0.40219.1
Project("{888888A0-9F3D-457C-B088-3A5042F75D52}") = "Personal Website", "Personal Website.pyproj", "{59323EC8-7A5A-4779-999D-5FC9006CA0F0}"
EndProject
Global
	GlobalSection(SolutionConfigurationPlatforms) = preSolution
		Debug|Any CPU = Debug|Any CPU
		Release|Any CPU = Release|Any CPU
	EndGlobalSection
	GlobalSection(ProjectConfigurationPlatforms) = postSolution
		{59323EC8-7A5A-4779-999D-5FC9006CA0F0}.Debug|Any CPU.ActiveCfg = Debug|Any CPU
		{59323EC8-7A5A-4779-999D-5FC9006CA0F0}.Debug|Any CPU.Build.0 = Debug|Any CPU
		{59323EC8-7A5A-4779-999D-5FC9006CA0F0}.Release|Any CPU.ActiveCfg = Release|Any CPU
		{59323EC8-7A5A-4779-999D-5FC9006CA0F0}.Release|Any CPU.Build.0 = Release|Any CPU
	EndGlobalSection
	GlobalSection(SolutionProperties) = preSolution
		HideSolutionNode = FALSE
	EndGlobalSection
	GlobalSection(ExtensibilityGlobals) = postSolution
		SolutionGuid = {CC41127B-92D4-4154-A02D-CF1F54848A5E}
	EndGlobalSection
EndGlobal
